// !$*UTF8*$!
{
	archiveVersion = 1;
	classes = {
	};
	objectVersion = 50;
	objects = {

/* Begin PBXBuildFile section */
		8D3A53262614FA7D0014ABF8 /* HomeViewController.swift in Sources */ = {isa = PBXBuildFile; fileRef = 8D3A53252614FA7D0014ABF8 /* HomeViewController.swift */; };
		8D3A53292614FE010014ABF8 /* Medication.swift in Sources */ = {isa = PBXBuildFile; fileRef = 8D3A53282614FE010014ABF8 /* Medication.swift */; };
		8DBA548B260E559400D89E8A /* AppDelegate.swift in Sources */ = {isa = PBXBuildFile; fileRef = 8DBA548A260E559400D89E8A /* AppDelegate.swift */; };
		8DBA548D260E559400D89E8A /* SceneDelegate.swift in Sources */ = {isa = PBXBuildFile; fileRef = 8DBA548C260E559400D89E8A /* SceneDelegate.swift */; };
		8DBA548F260E559400D89E8A /* ViewController.swift in Sources */ = {isa = PBXBuildFile; fileRef = 8DBA548E260E559400D89E8A /* ViewController.swift */; };
		8DBA5492260E559400D89E8A /* Main.storyboard in Resources */ = {isa = PBXBuildFile; fileRef = 8DBA5490260E559400D89E8A /* Main.storyboard */; };
		8DBA5494260E559500D89E8A /* Assets.xcassets in Resources */ = {isa = PBXBuildFile; fileRef = 8DBA5493260E559500D89E8A /* Assets.xcassets */; };
		8DBA5497260E559500D89E8A /* LaunchScreen.storyboard in Resources */ = {isa = PBXBuildFile; fileRef = 8DBA5495260E559500D89E8A /* LaunchScreen.storyboard */; };
/* End PBXBuildFile section */

/* Begin PBXFileReference section */
		8D3A53252614FA7D0014ABF8 /* HomeViewController.swift */ = {isa = PBXFileReference; lastKnownFileType = sourcecode.swift; path = HomeViewController.swift; sourceTree = "<group>"; };
		8D3A53282614FE010014ABF8 /* Medication.swift */ = {isa = PBXFileReference; lastKnownFileType = sourcecode.swift; path = Medication.swift; sourceTree = "<group>"; };
		8DBA5487260E559400D89E8A /* medizen.app */ = {isa = PBXFileReference; explicitFileType = wrapper.application; includeInIndex = 0; path = medizen.app; sourceTree = BUILT_PRODUCTS_DIR; };
		8DBA548A260E559400D89E8A /* AppDelegate.swift */ = {isa = PBXFileReference; lastKnownFileType = sourcecode.swift; path = AppDelegate.swift; sourceTree = "<group>"; };
		8DBA548C260E559400D89E8A /* SceneDelegate.swift */ = {isa = PBXFileReference; lastKnownFileType = sourcecode.swift; path = SceneDelegate.swift; sourceTree = "<group>"; };
		8DBA548E260E559400D89E8A /* ViewController.swift */ = {isa = PBXFileReference; lastKnownFileType = sourcecode.swift; path = ViewController.swift; sourceTree = "<group>"; };
		8DBA5491260E559400D89E8A /* Base */ = {isa = PBXFileReference; lastKnownFileType = file.storyboard; name = Base; path = Base.lproj/Main.storyboard; sourceTree = "<group>"; };
		8DBA5493260E559500D89E8A /* Assets.xcassets */ = {isa = PBXFileReference; lastKnownFileType = folder.assetcatalog; path = Assets.xcassets; sourceTree = "<group>"; };
		8DBA5496260E559500D89E8A /* Base */ = {isa = PBXFileReference; lastKnownFileType = file.storyboard; name = Base; path = Base.lproj/LaunchScreen.storyboard; sourceTree = "<group>"; };
		8DBA5498260E559500D89E8A /* Info.plist */ = {isa = PBXFileReference; lastKnownFileType = text.plist.xml; path = Info.plist; sourceTree = "<group>"; };
/* End PBXFileReference section */

/* Begin PBXFrameworksBuildPhase section */
		8DBA5484260E559400D89E8A /* Frameworks */ = {
			isa = PBXFrameworksBuildPhase;
			buildActionMask = 2147483647;
			files = (
			);
			runOnlyForDeploymentPostprocessing = 0;
		};
/* End PBXFrameworksBuildPhase section */

/* Begin PBXGroup section */
		8D3A53202614F7B60014ABF8 /* View Controllers */ = {
			isa = PBXGroup;
			children = (
				8DBA548E260E559400D89E8A /* ViewController.swift */,
				8D3A53252614FA7D0014ABF8 /* HomeViewController.swift */,
			);
			path = "View Controllers";
			sourceTree = "<group>";
		};
		8D3A53212614F7D30014ABF8 /* Assets */ = {
			isa = PBXGroup;
			children = (
				8DBA5493260E559500D89E8A /* Assets.xcassets */,
			);
			path = Assets;
			sourceTree = "<group>";
		};
		8D3A53222614F7E40014ABF8 /* Classes */ = {
			isa = PBXGroup;
			children = (
				8DBA548A260E559400D89E8A /* AppDelegate.swift */,
				8D3A53282614FE010014ABF8 /* Medication.swift */,
			);
			path = Classes;
			sourceTree = "<group>";
		};
		8D3A53232614F7F20014ABF8 /* Storyboards */ = {
			isa = PBXGroup;
			children = (
				8DBA5490260E559400D89E8A /* Main.storyboard */,
				8DBA5495260E559500D89E8A /* LaunchScreen.storyboard */,
			);
			path = Storyboards;
			sourceTree = "<group>";
		};
		8DBA547E260E559400D89E8A = {
			isa = PBXGroup;
			children = (
				8DBA5489260E559400D89E8A /* medizen */,
				8DBA5488260E559400D89E8A /* Products */,
			);
			sourceTree = "<group>";
		};
		8DBA5488260E559400D89E8A /* Products */ = {
			isa = PBXGroup;
			children = (
				8DBA5487260E559400D89E8A /* medizen.app */,
			);
			name = Products;
			sourceTree = "<group>";
		};
		8DBA5489260E559400D89E8A /* medizen */ = {
			isa = PBXGroup;
			children = (
				8D3A53232614F7F20014ABF8 /* Storyboards */,
				8D3A53222614F7E40014ABF8 /* Classes */,
				8D3A53212614F7D30014ABF8 /* Assets */,
				8D3A53202614F7B60014ABF8 /* View Controllers */,
				8DBA548C260E559400D89E8A /* SceneDelegate.swift */,
				8DBA5498260E559500D89E8A /* Info.plist */,
			);
			path = medizen;
			sourceTree = "<group>";
		};
/* End PBXGroup section */

/* Begin PBXNativeTarget section */
		8DBA5486260E559400D89E8A /* medizen */ = {
			isa = PBXNativeTarget;
			buildConfigurationList = 8DBA549B260E559500D89E8A /* Build configuration list for PBXNativeTarget "medizen" */;
			buildPhases = (
				8DBA5483260E559400D89E8A /* Sources */,
				8DBA5484260E559400D89E8A /* Frameworks */,
				8DBA5485260E559400D89E8A /* Resources */,
			);
			buildRules = (
			);
			dependencies = (
			);
			name = medizen;
			productName = medizen;
			productReference = 8DBA5487260E559400D89E8A /* medizen.app */;
			productType = "com.apple.product-type.application";
		};
/* End PBXNativeTarget section */

/* Begin PBXProject section */
		8DBA547F260E559400D89E8A /* Project object */ = {
			isa = PBXProject;
			attributes = {
				LastSwiftUpdateCheck = 1240;
				LastUpgradeCheck = 1240;
				TargetAttributes = {
					8DBA5486260E559400D89E8A = {
						CreatedOnToolsVersion = 12.4;
					};
				};
			};
			buildConfigurationList = 8DBA5482260E559400D89E8A /* Build configuration list for PBXProject "medizen" */;
			compatibilityVersion = "Xcode 9.3";
			developmentRegion = en;
			hasScannedForEncodings = 0;
			knownRegions = (
				en,
				Base,
			);
			mainGroup = 8DBA547E260E559400D89E8A;
			productRefGroup = 8DBA5488260E559400D89E8A /* Products */;
			projectDirPath = "";
			projectRoot = "";
			targets = (
				8DBA5486260E559400D89E8A /* medizen */,
			);
		};
/* End PBXProject section */

/* Begin PBXResourcesBuildPhase section */
		8DBA5485260E559400D89E8A /* Resources */ = {
			isa = PBXResourcesBuildPhase;
			buildActionMask = 2147483647;
			files = (
				8DBA5497260E559500D89E8A /* LaunchScreen.storyboard in Resources */,
				8DBA5494260E559500D89E8A /* Assets.xcassets in Resources */,
				8DBA5492260E559400D89E8A /* Main.storyboard in Resources */,
			);
			runOnlyForDeploymentPostprocessing = 0;
		};
/* End PBXResourcesBuildPhase section */

/* Begin PBXSourcesBuildPhase section */
		8DBA5483260E559400D89E8A /* Sources */ = {
			isa = PBXSourcesBuildPhase;
			buildActionMask = 2147483647;
			files = (
				8D3A53292614FE010014ABF8 /* Medication.swift in Sources */,
				8DBA548F260E559400D89E8A /* ViewController.swift in Sources */,
				8DBA548B260E559400D89E8A /* AppDelegate.swift in Sources */,
				8DBA548D260E559400D89E8A /* SceneDelegate.swift in Sources */,
				8D3A53262614FA7D0014ABF8 /* HomeViewController.swift in Sources */,
			);
			runOnlyForDeploymentPostprocessing = 0;
		};
/* End PBXSourcesBuildPhase section */

/* Begin PBXVariantGroup section */
		8DBA5490260E559400D89E8A /* Main.storyboard */ = {
			isa = PBXVariantGroup;
			children = (
				8DBA5491260E559400D89E8A /* Base */,
			);
			name = Main.storyboard;
			sourceTree = "<group>";
		};
		8DBA5495260E559500D89E8A /* LaunchScreen.storyboard */ = {
			isa = PBXVariantGroup;
			children = (
				8DBA5496260E559500D89E8A /* Base */,
			);
			name = LaunchScreen.storyboard;
			sourceTree = "<group>";
		};
/* End PBXVariantGroup section */

/* Begin XCBuildConfiguration section */
		8DBA5499260E559500D89E8A /* Debug */ = {
			isa = XCBuildConfiguration;
			buildSettings = {
				ALWAYS_SEARCH_USER_PATHS = NO;
				CLANG_ANALYZER_NONNULL = YES;
				CLANG_ANALYZER_NUMBER_OBJECT_CONVERSION = YES_AGGRESSIVE;
				CLANG_CXX_LANGUAGE_STANDARD = "gnu++14";
				CLANG_CXX_LIBRARY = "libc++";
				CLANG_ENABLE_MODULES = YES;
				CLANG_ENABLE_OBJC_ARC = YES;
				CLANG_ENABLE_OBJC_WEAK = YES;
				CLANG_WARN_BLOCK_CAPTURE_AUTORELEASING = YES;
				CLANG_WARN_BOOL_CONVERSION = YES;
				CLANG_WARN_COMMA = YES;
				CLANG_WARN_CONSTANT_CONVERSION = YES;
				CLANG_WARN_DEPRECATED_OBJC_IMPLEMENTATIONS = YES;
				CLANG_WARN_DIRECT_OBJC_ISA_USAGE = YES_ERROR;
				CLANG_WARN_DOCUMENTATION_COMMENTS = YES;
				CLANG_WARN_EMPTY_BODY = YES;
				CLANG_WARN_ENUM_CONVERSION = YES;
				CLANG_WARN_INFINITE_RECURSION = YES;
				CLANG_WARN_INT_CONVERSION = YES;
				CLANG_WARN_NON_LITERAL_NULL_CONVERSION = YES;
				CLANG_WARN_OBJC_IMPLICIT_RETAIN_SELF = YES;
				CLANG_WARN_OBJC_LITERAL_CONVERSION = YES;
				CLANG_WARN_OBJC_ROOT_CLASS = YES_ERROR;
				CLANG_WARN_QUOTED_INCLUDE_IN_FRAMEWORK_HEADER = YES;
				CLANG_WARN_RANGE_LOOP_ANALYSIS = YES;
				CLANG_WARN_STRICT_PROTOTYPES = YES;
				CLANG_WARN_SUSPICIOUS_MOVE = YES;
				CLANG_WARN_UNGUARDED_AVAILABILITY = YES_AGGRESSIVE;
				CLANG_WARN_UNREACHABLE_CODE = YES;
				CLANG_WARN__DUPLICATE_METHOD_MATCH = YES;
				COPY_PHASE_STRIP = NO;
				DEBUG_INFORMATION_FORMAT = dwarf;
				ENABLE_STRICT_OBJC_MSGSEND = YES;
				ENABLE_TESTABILITY = YES;
				GCC_C_LANGUAGE_STANDARD = gnu11;
				GCC_DYNAMIC_NO_PIC = NO;
				GCC_NO_COMMON_BLOCKS = YES;
				GCC_OPTIMIZATION_LEVEL = 0;
				GCC_PREPROCESSOR_DEFINITIONS = (
					"DEBUG=1",
					"$(inherited)",
				);
				GCC_WARN_64_TO_32_BIT_CONVERSION = YES;
				GCC_WARN_ABOUT_RETURN_TYPE = YES_ERROR;
				GCC_WARN_UNDECLARED_SELECTOR = YES;
				GCC_WARN_UNINITIALIZED_AUTOS = YES_AGGRESSIVE;
				GCC_WARN_UNUSED_FUNCTION = YES;
				GCC_WARN_UNUSED_VARIABLE = YES;
				IPHONEOS_DEPLOYMENT_TARGET = 14.4;
				MTL_ENABLE_DEBUG_INFO = INCLUDE_SOURCE;
				MTL_FAST_MATH = YES;
				ONLY_ACTIVE_ARCH = YES;
				SDKROOT = iphoneos;
				SWIFT_ACTIVE_COMPILATION_CONDITIONS = DEBUG;
				SWIFT_OPTIMIZATION_LEVEL = "-Onone";
			};
			name = Debug;
		};
		8DBA549A260E559500D89E8A /* Release */ = {
			isa = XCBuildConfiguration;
			buildSettings = {
				ALWAYS_SEARCH_USER_PATHS = NO;
				CLANG_ANALYZER_NONNULL = YES;
				CLANG_ANALYZER_NUMBER_OBJECT_CONVERSION = YES_AGGRESSIVE;
				CLANG_CXX_LANGUAGE_STANDARD = "gnu++14";
				CLANG_CXX_LIBRARY = "libc++";
				CLANG_ENABLE_MODULES = YES;
				CLANG_ENABLE_OBJC_ARC = YES;
				CLANG_ENABLE_OBJC_WEAK = YES;
				CLANG_WARN_BLOCK_CAPTURE_AUTORELEASING = YES;
				CLANG_WARN_BOOL_CONVERSION = YES;
				CLANG_WARN_COMMA = YES;
				CLANG_WARN_CONSTANT_CONVERSION = YES;
				CLANG_WARN_DEPRECATED_OBJC_IMPLEMENTATIONS = YES;
				CLANG_WARN_DIRECT_OBJC_ISA_USAGE = YES_ERROR;
				CLANG_WARN_DOCUMENTATION_COMMENTS = YES;
				CLANG_WARN_EMPTY_BODY = YES;
				CLANG_WARN_ENUM_CONVERSION = YES;
				CLANG_WARN_INFINITE_RECURSION = YES;
				CLANG_WARN_INT_CONVERSION = YES;
				CLANG_WARN_NON_LITERAL_NULL_CONVERSION = YES;
				CLANG_WARN_OBJC_IMPLICIT_RETAIN_SELF = YES;
				CLANG_WARN_OBJC_LITERAL_CONVERSION = YES;
				CLANG_WARN_OBJC_ROOT_CLASS = YES_ERROR;
				CLANG_WARN_QUOTED_INCLUDE_IN_FRAMEWORK_HEADER = YES;
				CLANG_WARN_RANGE_LOOP_ANALYSIS = YES;
				CLANG_WARN_STRICT_PROTOTYPES = YES;
				CLANG_WARN_SUSPICIOUS_MOVE = YES;
				CLANG_WARN_UNGUARDED_AVAILABILITY = YES_AGGRESSIVE;
				CLANG_WARN_UNREACHABLE_CODE = YES;
				CLANG_WARN__DUPLICATE_METHOD_MATCH = YES;
				COPY_PHASE_STRIP = NO;
				DEBUG_INFORMATION_FORMAT = "dwarf-with-dsym";
				ENABLE_NS_ASSERTIONS = NO;
				ENABLE_STRICT_OBJC_MSGSEND = YES;
				GCC_C_LANGUAGE_STANDARD = gnu11;
				GCC_NO_COMMON_BLOCKS = YES;
				GCC_WARN_64_TO_32_BIT_CONVERSION = YES;
				GCC_WARN_ABOUT_RETURN_TYPE = YES_ERROR;
				GCC_WARN_UNDECLARED_SELECTOR = YES;
				GCC_WARN_UNINITIALIZED_AUTOS = YES_AGGRESSIVE;
				GCC_WARN_UNUSED_FUNCTION = YES;
				GCC_WARN_UNUSED_VARIABLE = YES;
				IPHONEOS_DEPLOYMENT_TARGET = 14.4;
				MTL_ENABLE_DEBUG_INFO = NO;
				MTL_FAST_MATH = YES;
				SDKROOT = iphoneos;
				SWIFT_COMPILATION_MODE = wholemodule;
				SWIFT_OPTIMIZATION_LEVEL = "-O";
				VALIDATE_PRODUCT = YES;
			};
			name = Release;
		};
		8DBA549C260E559500D89E8A /* Debug */ = {
			isa = XCBuildConfiguration;
			buildSettings = {
				ASSETCATALOG_COMPILER_APPICON_NAME = AppIcon;
				ASSETCATALOG_COMPILER_GLOBAL_ACCENT_COLOR_NAME = AccentColor;
				CODE_SIGN_STYLE = Automatic;
				INFOPLIST_FILE = medizen/Info.plist;
				LD_RUNPATH_SEARCH_PATHS = (
					"$(inherited)",
					"@executable_path/Frameworks",
				);
				PRODUCT_BUNDLE_IDENTIFIER = "Zahra-Arshad.medizen";
				PRODUCT_NAME = "$(TARGET_NAME)";
				SWIFT_VERSION = 5.0;
				TARGETED_DEVICE_FAMILY = "1,2";
			};
			name = Debug;
		};
		8DBA549D260E559500D89E8A /* Release */ = {
			isa = XCBuildConfiguration;
			buildSettings = {
				ASSETCATALOG_COMPILER_APPICON_NAME = AppIcon;
				ASSETCATALOG_COMPILER_GLOBAL_ACCENT_COLOR_NAME = AccentColor;
				CODE_SIGN_STYLE = Automatic;
				INFOPLIST_FILE = medizen/Info.plist;
				LD_RUNPATH_SEARCH_PATHS = (
					"$(inherited)",
					"@executable_path/Frameworks",
				);
				PRODUCT_BUNDLE_IDENTIFIER = "Zahra-Arshad.medizen";
				PRODUCT_NAME = "$(TARGET_NAME)";
				SWIFT_VERSION = 5.0;
				TARGETED_DEVICE_FAMILY = "1,2";
			};
			name = Release;
		};
/* End XCBuildConfiguration section */

/* Begin XCConfigurationList section */
		8DBA5482260E559400D89E8A /* Build configuration list for PBXProject "medizen" */ = {
			isa = XCConfigurationList;
			buildConfigurations = (
				8DBA5499260E559500D89E8A /* Debug */,
				8DBA549A260E559500D89E8A /* Release */,
			);
			defaultConfigurationIsVisible = 0;
			defaultConfigurationName = Release;
		};
		8DBA549B260E559500D89E8A /* Build configuration list for PBXNativeTarget "medizen" */ = {
			isa = XCConfigurationList;
			buildConfigurations = (
				8DBA549C260E559500D89E8A /* Debug */,
				8DBA549D260E559500D89E8A /* Release */,
			);
			defaultConfigurationIsVisible = 0;
			defaultConfigurationName = Release;
		};
/* End XCConfigurationList section */
	};
	rootObject = 8DBA547F260E559400D89E8A /* Project object */;
}
